# THIS IS AN AUTOGENERATED FILE. DO NOT EDIT THIS FILE DIRECTLY.
# yarn lockfile v1


"@types/bluebird@3.5.0":
  version "3.5.0"
  resolved "https://registry.yarnpkg.com/@types/bluebird/-/bluebird-3.5.0.tgz#2633470a4eabe9a47cd9a45fdb20ed5f93407bca"

"@types/lodash@^4.14.55":
  version "4.14.67"
  resolved "https://registry.yarnpkg.com/@types/lodash/-/lodash-4.14.67.tgz#4714714434da110306b9862fbd36b30b55eb850a"

aws-sdk@^2.77.0:
  version "2.77.0"
  resolved "https://registry.yarnpkg.com/aws-sdk/-/aws-sdk-2.77.0.tgz#809090bb874d8f4fffcac5316629587638e7865c"
  dependencies:
    buffer "5.0.6"
    crypto-browserify "1.0.9"
    jmespath "0.15.0"
    querystring "0.2.0"
    sax "1.2.1"
    url "0.10.3"
    uuid "3.0.1"
    xml2js "0.4.17"
    xmlbuilder "4.2.1"

aws-sdk@^2.78.0:
  version "2.116.0"
  resolved "https://registry.yarnpkg.com/aws-sdk/-/aws-sdk-2.116.0.tgz#d94a6c667bee63ef8fbd9441ccc222b539f7cbec"
  dependencies:
    buffer "4.9.1"
    crypto-browserify "1.0.9"
    events "^1.1.1"
    jmespath "0.15.0"
    querystring "0.2.0"
    sax "1.2.1"
    url "0.10.3"
    uuid "3.0.1"
    xml2js "0.4.17"
    xmlbuilder "4.2.1"

babel-polyfill@^6.23.0:
  version "6.23.0"
  resolved "https://registry.yarnpkg.com/babel-polyfill/-/babel-polyfill-6.23.0.tgz#8364ca62df8eafb830499f699177466c3b03499d"
  dependencies:
    babel-runtime "^6.22.0"
    core-js "^2.4.0"
    regenerator-runtime "^0.10.0"

babel-runtime@^6.22.0, babel-runtime@^6.23.0:
  version "6.23.0"
  resolved "https://registry.yarnpkg.com/babel-runtime/-/babel-runtime-6.23.0.tgz#0a9489f144de70efb3ce4300accdb329e2fc543b"
  dependencies:
    core-js "^2.4.0"
    regenerator-runtime "^0.10.0"

base64-js@^1.0.2:
  version "1.2.1"
  resolved "https://registry.yarnpkg.com/base64-js/-/base64-js-1.2.1.tgz#a91947da1f4a516ea38e5b4ec0ec3773675e0886"

bin-protocol@^3.0.2:
  version "3.0.3"
  resolved "https://registry.yarnpkg.com/bin-protocol/-/bin-protocol-3.0.3.tgz#010e53caed26c2b6e8e3b6a33cbbfe484e65ca1e"
  dependencies:
    lodash "^4.1.0"
    long "^3.0.3"
    protocol-buffers-schema "^3.0.0"

bin-protocol@^3.0.4:
  version "3.0.4"
  resolved "https://registry.yarnpkg.com/bin-protocol/-/bin-protocol-3.0.4.tgz#465a9d3506feb0e126b52b5b2160d936e15b27f4"
  dependencies:
    lodash "^4.1.0"
    long "^3.0.3"
    protocol-buffers-schema "^3.0.0"

bindings@^1.2.1:
  version "1.3.0"
  resolved "https://registry.yarnpkg.com/bindings/-/bindings-1.3.0.tgz#b346f6ecf6a95f5a815c5839fc7cdb22502f1ed7"

bluebird@^3.3.3, bluebird@^3.5.0:
  version "3.5.0"
  resolved "https://registry.yarnpkg.com/bluebird/-/bluebird-3.5.0.tgz#791420d7f551eea2897453a8a77653f96606d67c"

buffer-crc32@^0.2.5:
  version "0.2.13"
  resolved "https://registry.yarnpkg.com/buffer-crc32/-/buffer-crc32-0.2.13.tgz#0d333e3f00eac50aa1454abd30ef8c2a5d9a7242"

buffer@4.9.1:
  version "4.9.1"
  resolved "https://registry.yarnpkg.com/buffer/-/buffer-4.9.1.tgz#6d1bb601b07a4efced97094132093027c95bc298"
  dependencies:
    base64-js "^1.0.2"
    ieee754 "^1.1.4"
    isarray "^1.0.0"

buffer@5.0.6:
  version "5.0.6"
  resolved "https://registry.yarnpkg.com/buffer/-/buffer-5.0.6.tgz#2ea669f7eec0b6eda05b08f8b5ff661b28573588"
  dependencies:
    base64-js "^1.0.2"
    ieee754 "^1.1.4"

connection-parse@0.0.x:
  version "0.0.7"
  resolved "https://registry.yarnpkg.com/connection-parse/-/connection-parse-0.0.7.tgz#18e7318aab06a699267372b10c5226d25a1c9a69"

core-js@^2.4.0:
  version "2.4.1"
  resolved "https://registry.yarnpkg.com/core-js/-/core-js-2.4.1.tgz#4de911e667b0eae9124e34254b53aea6fc618d3e"

crypto-browserify@1.0.9:
  version "1.0.9"
  resolved "https://registry.yarnpkg.com/crypto-browserify/-/crypto-browserify-1.0.9.tgz#cc5449685dfb85eb11c9828acc7cb87ab5bbfcc0"

double-ended-queue@^2.1.0-0:
  version "2.1.0-0"
  resolved "https://registry.yarnpkg.com/double-ended-queue/-/double-ended-queue-2.1.0-0.tgz#103d3527fd31528f40188130c841efdd78264e5c"

events@^1.1.1:
  version "1.1.1"
  resolved "https://registry.yarnpkg.com/events/-/events-1.1.1.tgz#9ebdb7635ad099c70dcc4c2a1f5004288e8bd924"

hashring@^3.2.0:
  version "3.2.0"
  resolved "https://registry.yarnpkg.com/hashring/-/hashring-3.2.0.tgz#fda4efde8aa22cdb97fb1d2a65e88401e1c144ce"
  dependencies:
    connection-parse "0.0.x"
    simple-lru-cache "0.0.x"

hiredis@^0.5.0:
  version "0.5.0"
  resolved "https://registry.yarnpkg.com/hiredis/-/hiredis-0.5.0.tgz#db03a98becd7003d13c260043aceecfacdf59b87"
  dependencies:
    bindings "^1.2.1"
    nan "^2.3.4"

ieee754@^1.1.4:
  version "1.1.8"
  resolved "https://registry.yarnpkg.com/ieee754/-/ieee754-1.1.8.tgz#be33d40ac10ef1926701f6f08a2d86fbfd1ad3e4"

isarray@^1.0.0:
  version "1.0.0"
  resolved "https://registry.yarnpkg.com/isarray/-/isarray-1.0.0.tgz#bb935d48582cba168c06834957a54a3e07124f11"

jmespath@0.15.0:
  version "0.15.0"
  resolved "https://registry.yarnpkg.com/jmespath/-/jmespath-0.15.0.tgz#a3f222a9aae9f966f5d27c796510e28091764217"

lazy-object@^1.0.1:
  version "1.0.1"
  resolved "https://registry.yarnpkg.com/lazy-object/-/lazy-object-1.0.1.tgz#3866434d42104aac699fd3998928cb3ca7faf249"

lodash.difference@^4.5.0:
  version "4.5.0"
  resolved "https://registry.yarnpkg.com/lodash.difference/-/lodash.difference-4.5.0.tgz#9ccb4e505d486b91651345772885a2df27fd017c"

lodash@=4.16.4, lodash@^4.0.0, lodash@^4.0.1, lodash@^4.1.0, lodash@^4.3.0:
  version "4.16.4"
  resolved "https://registry.yarnpkg.com/lodash/-/lodash-4.16.4.tgz#01ce306b9bad1319f2a5528674f88297aeb70127"

lodash@^4.17.4:
  version "4.17.4"
  resolved "https://registry.yarnpkg.com/lodash/-/lodash-4.17.4.tgz#78203a4d1c328ae1d86dca6460e369b57f4055ae"

long@^3.0.3:
  version "3.2.0"
  resolved "https://registry.yarnpkg.com/long/-/long-3.2.0.tgz#d821b7138ca1cb581c172990ef14db200b5c474b"

moment@^2.18.1:
  version "2.18.1"
  resolved "https://registry.yarnpkg.com/moment/-/moment-2.18.1.tgz#c36193dd3ce1c2eed2adb7c802dbbc77a81b1c0f"

murmur-hash-js@^1.0.0:
  version "1.0.0"
  resolved "https://registry.yarnpkg.com/murmur-hash-js/-/murmur-hash-js-1.0.0.tgz#5041049269c96633c866386960b2f4289e75e5b0"

nan@^2.3.4:
  version "2.7.0"
  resolved "https://registry.yarnpkg.com/nan/-/nan-2.7.0.tgz#d95bf721ec877e08db276ed3fc6eb78f9083ad46"

nice-simple-logger@^1.0.1:
  version "1.0.1"
  resolved "https://registry.yarnpkg.com/nice-simple-logger/-/nice-simple-logger-1.0.1.tgz#0f9e648527be7be3e49ab76fa8c8c098af951bf6"
  dependencies:
    lodash "^4.3.0"

no-kafka@^3.1.1:
  version "3.1.1"
  resolved "https://registry.yarnpkg.com/no-kafka/-/no-kafka-3.1.1.tgz#9b16935cd1c38e0a9dd82098dfb3b2bb9cac29ba"
  dependencies:
    bin-protocol "^3.0.2"
    bluebird "^3.3.3"
    buffer-crc32 "^0.2.5"
    hashring "^3.2.0"
    lodash "=4.16.4"
    murmur-hash-js "^1.0.0"
    nice-simple-logger "^1.0.1"
    wrr-pool "^1.0.3"

no-kafka@^3.1.10:
  version "3.2.2"
  resolved "https://registry.yarnpkg.com/no-kafka/-/no-kafka-3.2.2.tgz#690e029261a9ea15c2b4a71743d8891bb034e3ca"
  dependencies:
    "@types/bluebird" "3.5.0"
    "@types/lodash" "^4.14.55"
    bin-protocol "^3.0.4"
    bluebird "^3.3.3"
    buffer-crc32 "^0.2.5"
    hashring "^3.2.0"
    lodash "=4.16.4"
    murmur-hash-js "^1.0.0"
    nice-simple-logger "^1.0.1"
    typescript "2.2.1"
    wrr-pool "^1.0.3"

null-logger@^1.0.0:
  version "1.0.0"
  resolved "https://registry.yarnpkg.com/null-logger/-/null-logger-1.0.0.tgz#d6b58b5d07de49891f21a5cc2670e62016e7c0e0"

protocol-buffers-schema@^3.0.0:
  version "3.1.1"
  resolved "https://registry.yarnpkg.com/protocol-buffers-schema/-/protocol-buffers-schema-3.1.1.tgz#b5e4800ce8adab7fb8ffe8770bb36e2a04359c78"

punycode@1.3.2:
  version "1.3.2"
  resolved "https://registry.yarnpkg.com/punycode/-/punycode-1.3.2.tgz#9653a036fb7c1ee42342f2325cceefea3926c48d"

querystring@0.2.0:
  version "0.2.0"
  resolved "https://registry.yarnpkg.com/querystring/-/querystring-0.2.0.tgz#b209849203bb25df820da756e747005878521620"

redis-commands@^1.2.0:
  version "1.3.1"
  resolved "https://registry.yarnpkg.com/redis-commands/-/redis-commands-1.3.1.tgz#81d826f45fa9c8b2011f4cd7a0fe597d241d442b"

redis-parser@^2.6.0:
  version "2.6.0"
  resolved "https://registry.yarnpkg.com/redis-parser/-/redis-parser-2.6.0.tgz#52ed09dacac108f1a631c07e9b69941e7a19504b"

redis@^2.6.5:
  version "2.8.0"
  resolved "https://registry.yarnpkg.com/redis/-/redis-2.8.0.tgz#202288e3f58c49f6079d97af7a10e1303ae14b02"
  dependencies:
    double-ended-queue "^2.1.0-0"
    redis-commands "^1.2.0"
    redis-parser "^2.6.0"

regenerator-runtime@^0.10.0:
  version "0.10.5"
  resolved "https://registry.yarnpkg.com/regenerator-runtime/-/regenerator-runtime-0.10.5.tgz#336c3efc1220adcedda2c9fab67b5a7955a33658"

rsmq@^0.8.2:
  version "0.8.2"
  resolved "https://registry.yarnpkg.com/rsmq/-/rsmq-0.8.2.tgz#897166f6405840d1e6c7e98b1405466e1727ff4b"
  dependencies:
    lodash "^4.17.4"
    redis "^2.6.5"
  optionalDependencies:
    hiredis "^0.5.0"

sax@1.2.1, sax@>=0.6.0:
  version "1.2.1"
  resolved "https://registry.yarnpkg.com/sax/-/sax-1.2.1.tgz#7b8e656190b228e81a66aea748480d828cd2d37a"

simple-lru-cache@0.0.x:
  version "0.0.2"
  resolved "https://registry.yarnpkg.com/simple-lru-cache/-/simple-lru-cache-0.0.2.tgz#d59cc3a193c1a5d0320f84ee732f6e4713e511dd"

steveo@^1.2.0:
  version "1.2.0"
  resolved "https://registry.yarnpkg.com/steveo/-/steveo-1.2.0.tgz#1ff51d1abc7d2f8156514f7bd5b80915e5417325"
  dependencies:
    babel-polyfill "^6.23.0"
    babel-runtime "^6.23.0"
    bluebird "^3.5.0"
    lazy-object "^1.0.1"
    lodash.difference "^4.5.0"
    moment "^2.18.1"
    no-kafka "^3.1.10"
    null-logger "^1.0.0"
    uuid "^3.1.0"
  optionalDependencies:
    aws-sdk "^2.78.0"
    rsmq "^0.8.2"

typescript@2.2.1:
  version "2.2.1"
  resolved "https://registry.yarnpkg.com/typescript/-/typescript-2.2.1.tgz#4862b662b988a4c8ff691cc7969622d24db76ae9"

url@0.10.3:
  version "0.10.3"
  resolved "https://registry.yarnpkg.com/url/-/url-0.10.3.tgz#021e4d9c7705f21bbf37d03ceb58767402774c64"
  dependencies:
    punycode "1.3.2"
    querystring "0.2.0"

uuid@3.0.1:
  version "3.0.1"
  resolved "https://registry.yarnpkg.com/uuid/-/uuid-3.0.1.tgz#6544bba2dfda8c1cf17e629a3a305e2bb1fee6c1"

uuid@^3.1.0:
  version "3.1.0"
  resolved "https://registry.yarnpkg.com/uuid/-/uuid-3.1.0.tgz#3dd3d3e790abc24d7b0d3a034ffababe28ebbc04"

wrr-pool@^1.0.3:
  version "1.1.3"
  resolved "https://registry.yarnpkg.com/wrr-pool/-/wrr-pool-1.1.3.tgz#fdad22f2ea1f30363ffe5d781cf79497a77ff07e"
  dependencies:
    lodash "^4.0.1"

xml2js@0.4.17:
  version "0.4.17"
  resolved "https://registry.yarnpkg.com/xml2js/-/xml2js-0.4.17.tgz#17be93eaae3f3b779359c795b419705a8817e868"
  dependencies:
    sax ">=0.6.0"
    xmlbuilder "^4.1.0"

xmlbuilder@4.2.1, xmlbuilder@^4.1.0:
  version "4.2.1"
  resolved "https://registry.yarnpkg.com/xmlbuilder/-/xmlbuilder-4.2.1.tgz#aa58a3041a066f90eaa16c2f5389ff19f3f461a5"
  dependencies:
    lodash "^4.0.0"
